// !$*UTF8*$!
{
	archiveVersion = 1;
	classes = {
	};
	objectVersion = 56;
	objects = {

/* Begin PBXBuildFile section */
		3F23CC452973075300C6BB98 /* HomeViewController.swift in Sources */ = {isa = PBXBuildFile; fileRef = 3F23CC442973075300C6BB98 /* HomeViewController.swift */; };
		3F23CC4729730BD500C6BB98 /* SearchViewController.swift in Sources */ = {isa = PBXBuildFile; fileRef = 3F23CC4629730BD500C6BB98 /* SearchViewController.swift */; };
		3F23CC4929730C5200C6BB98 /* FavoriteViewController.swift in Sources */ = {isa = PBXBuildFile; fileRef = 3F23CC4829730C5200C6BB98 /* FavoriteViewController.swift */; };
		3F447A872972FA63003166AB /* AppDelegate.swift in Sources */ = {isa = PBXBuildFile; fileRef = 3F447A862972FA63003166AB /* AppDelegate.swift */; };
		3F447A892972FA63003166AB /* SceneDelegate.swift in Sources */ = {isa = PBXBuildFile; fileRef = 3F447A882972FA63003166AB /* SceneDelegate.swift */; };
		3F447A8B2972FA63003166AB /* ViewController.swift in Sources */ = {isa = PBXBuildFile; fileRef = 3F447A8A2972FA63003166AB /* ViewController.swift */; };
		3F447A8E2972FA63003166AB /* Main.storyboard in Resources */ = {isa = PBXBuildFile; fileRef = 3F447A8C2972FA63003166AB /* Main.storyboard */; };
		3F447A902972FA64003166AB /* Assets.xcassets in Resources */ = {isa = PBXBuildFile; fileRef = 3F447A8F2972FA64003166AB /* Assets.xcassets */; };
		3F447A932972FA64003166AB /* LaunchScreen.storyboard in Resources */ = {isa = PBXBuildFile; fileRef = 3F447A912972FA64003166AB /* LaunchScreen.storyboard */; };
		3FB6DACD2974526800E6488B /* TabMovieViewController.swift in Sources */ = {isa = PBXBuildFile; fileRef = 3FB6DACC2974526800E6488B /* TabMovieViewController.swift */; };
		3FBDC0C52973DBB200CE43D1 /* ItemMovieCollectionViewCell.swift in Sources */ = {isa = PBXBuildFile; fileRef = 3FBDC0C42973DBB200CE43D1 /* ItemMovieCollectionViewCell.swift */; };
		3FC4D1C0297542D3001CF87E /* HomeTab.swift in Sources */ = {isa = PBXBuildFile; fileRef = 3FC4D1BF297542D3001CF87E /* HomeTab.swift */; };
		3FE6D3A32977FBB3004BA4C8 /* HomeViewModel.swift in Sources */ = {isa = PBXBuildFile; fileRef = 3FE6D3A22977FBB3004BA4C8 /* HomeViewModel.swift */; };
		3FE6D3A62977FE66004BA4C8 /* NetworkConstant.swift in Sources */ = {isa = PBXBuildFile; fileRef = 3FE6D3A52977FE65004BA4C8 /* NetworkConstant.swift */; };
		3FE6D3A82977FFF1004BA4C8 /* ApiCaller.swift in Sources */ = {isa = PBXBuildFile; fileRef = 3FE6D3A72977FFF1004BA4C8 /* ApiCaller.swift */; };
		3FE6D3AB297806F3004BA4C8 /* MoviesResponse.swift in Sources */ = {isa = PBXBuildFile; fileRef = 3FE6D3AA297806F3004BA4C8 /* MoviesResponse.swift */; };
		3FE6D3AD29782CA1004BA4C8 /* Movie.swift in Sources */ = {isa = PBXBuildFile; fileRef = 3FE6D3AC29782CA1004BA4C8 /* Movie.swift */; };
		3FE6D3AF29782CC7004BA4C8 /* Genre.swift in Sources */ = {isa = PBXBuildFile; fileRef = 3FE6D3AE29782CC7004BA4C8 /* Genre.swift */; };
		3FE6D3B229789E14004BA4C8 /* Observable.swift in Sources */ = {isa = PBXBuildFile; fileRef = 3FE6D3B129789E14004BA4C8 /* Observable.swift */; };
		3FE6D3B42978F1FD004BA4C8 /* TabMovieViewModel.swift in Sources */ = {isa = PBXBuildFile; fileRef = 3FE6D3B32978F1FD004BA4C8 /* TabMovieViewModel.swift */; };
		3FFBEA2B2976360200525985 /* ViewPagerTabMovieViewController.swift in Sources */ = {isa = PBXBuildFile; fileRef = 3FFBEA2A2976360200525985 /* ViewPagerTabMovieViewController.swift */; };
		9B6E74194E13601406BCBCE4 /* Pods_MovieDb.framework in Frameworks */ = {isa = PBXBuildFile; fileRef = E12680DBEECEAE51F8A0B66F /* Pods_MovieDb.framework */; };
/* End PBXBuildFile section */

/* Begin PBXFileReference section */
		312C2AF2AF32B2657B1B2DE3 /* Pods-MovieDb.release.xcconfig */ = {isa = PBXFileReference; includeInIndex = 1; lastKnownFileType = text.xcconfig; name = "Pods-MovieDb.release.xcconfig"; path = "Target Support Files/Pods-MovieDb/Pods-MovieDb.release.xcconfig"; sourceTree = "<group>"; };
		3F23CC442973075300C6BB98 /* HomeViewController.swift */ = {isa = PBXFileReference; lastKnownFileType = sourcecode.swift; path = HomeViewController.swift; sourceTree = "<group>"; };
		3F23CC4629730BD500C6BB98 /* SearchViewController.swift */ = {isa = PBXFileReference; lastKnownFileType = sourcecode.swift; path = SearchViewController.swift; sourceTree = "<group>"; };
		3F23CC4829730C5200C6BB98 /* FavoriteViewController.swift */ = {isa = PBXFileReference; lastKnownFileType = sourcecode.swift; path = FavoriteViewController.swift; sourceTree = "<group>"; };
		3F447A832972FA63003166AB /* MovieDb.app */ = {isa = PBXFileReference; explicitFileType = wrapper.application; includeInIndex = 0; path = MovieDb.app; sourceTree = BUILT_PRODUCTS_DIR; };
		3F447A862972FA63003166AB /* AppDelegate.swift */ = {isa = PBXFileReference; lastKnownFileType = sourcecode.swift; path = AppDelegate.swift; sourceTree = "<group>"; };
		3F447A882972FA63003166AB /* SceneDelegate.swift */ = {isa = PBXFileReference; lastKnownFileType = sourcecode.swift; path = SceneDelegate.swift; sourceTree = "<group>"; };
		3F447A8A2972FA63003166AB /* ViewController.swift */ = {isa = PBXFileReference; lastKnownFileType = sourcecode.swift; path = ViewController.swift; sourceTree = "<group>"; };
		3F447A8D2972FA63003166AB /* Base */ = {isa = PBXFileReference; lastKnownFileType = file.storyboard; name = Base; path = Base.lproj/Main.storyboard; sourceTree = "<group>"; };
		3F447A8F2972FA64003166AB /* Assets.xcassets */ = {isa = PBXFileReference; lastKnownFileType = folder.assetcatalog; path = Assets.xcassets; sourceTree = "<group>"; };
		3F447A922972FA64003166AB /* Base */ = {isa = PBXFileReference; lastKnownFileType = file.storyboard; name = Base; path = Base.lproj/LaunchScreen.storyboard; sourceTree = "<group>"; };
		3F447A942972FA64003166AB /* Info.plist */ = {isa = PBXFileReference; lastKnownFileType = text.plist.xml; path = Info.plist; sourceTree = "<group>"; };
		3FB6DACC2974526800E6488B /* TabMovieViewController.swift */ = {isa = PBXFileReference; lastKnownFileType = sourcecode.swift; path = TabMovieViewController.swift; sourceTree = "<group>"; };
		3FBDC0C42973DBB200CE43D1 /* ItemMovieCollectionViewCell.swift */ = {isa = PBXFileReference; lastKnownFileType = sourcecode.swift; path = ItemMovieCollectionViewCell.swift; sourceTree = "<group>"; };
		3FC4D1BF297542D3001CF87E /* HomeTab.swift */ = {isa = PBXFileReference; lastKnownFileType = sourcecode.swift; path = HomeTab.swift; sourceTree = "<group>"; };
		3FE6D3A22977FBB3004BA4C8 /* HomeViewModel.swift */ = {isa = PBXFileReference; lastKnownFileType = sourcecode.swift; path = HomeViewModel.swift; sourceTree = "<group>"; };
		3FE6D3A52977FE65004BA4C8 /* NetworkConstant.swift */ = {isa = PBXFileReference; lastKnownFileType = sourcecode.swift; path = NetworkConstant.swift; sourceTree = "<group>"; };
		3FE6D3A72977FFF1004BA4C8 /* ApiCaller.swift */ = {isa = PBXFileReference; lastKnownFileType = sourcecode.swift; path = ApiCaller.swift; sourceTree = "<group>"; };
		3FE6D3AA297806F3004BA4C8 /* MoviesResponse.swift */ = {isa = PBXFileReference; lastKnownFileType = sourcecode.swift; path = MoviesResponse.swift; sourceTree = "<group>"; };
		3FE6D3AC29782CA1004BA4C8 /* Movie.swift */ = {isa = PBXFileReference; lastKnownFileType = sourcecode.swift; path = Movie.swift; sourceTree = "<group>"; };
		3FE6D3AE29782CC7004BA4C8 /* Genre.swift */ = {isa = PBXFileReference; lastKnownFileType = sourcecode.swift; path = Genre.swift; sourceTree = "<group>"; };
		3FE6D3B129789E14004BA4C8 /* Observable.swift */ = {isa = PBXFileReference; lastKnownFileType = sourcecode.swift; path = Observable.swift; sourceTree = "<group>"; };
		3FE6D3B32978F1FD004BA4C8 /* TabMovieViewModel.swift */ = {isa = PBXFileReference; lastKnownFileType = sourcecode.swift; path = TabMovieViewModel.swift; sourceTree = "<group>"; };
		3FFBEA2A2976360200525985 /* ViewPagerTabMovieViewController.swift */ = {isa = PBXFileReference; lastKnownFileType = sourcecode.swift; path = ViewPagerTabMovieViewController.swift; sourceTree = "<group>"; };
		5A3083D7D6E454B1D1FC0CA8 /* Pods-MovieDb.debug.xcconfig */ = {isa = PBXFileReference; includeInIndex = 1; lastKnownFileType = text.xcconfig; name = "Pods-MovieDb.debug.xcconfig"; path = "Target Support Files/Pods-MovieDb/Pods-MovieDb.debug.xcconfig"; sourceTree = "<group>"; };
		E12680DBEECEAE51F8A0B66F /* Pods_MovieDb.framework */ = {isa = PBXFileReference; explicitFileType = wrapper.framework; includeInIndex = 0; path = Pods_MovieDb.framework; sourceTree = BUILT_PRODUCTS_DIR; };
/* End PBXFileReference section */

/* Begin PBXFrameworksBuildPhase section */
		3F447A802972FA63003166AB /* Frameworks */ = {
			isa = PBXFrameworksBuildPhase;
			buildActionMask = 2147483647;
			files = (
				9B6E74194E13601406BCBCE4 /* Pods_MovieDb.framework in Frameworks */,
			);
			runOnlyForDeploymentPostprocessing = 0;
		};
/* End PBXFrameworksBuildPhase section */

/* Begin PBXGroup section */
		2843E0A48D91E64A038E9F0C /* Pods */ = {
			isa = PBXGroup;
			children = (
				5A3083D7D6E454B1D1FC0CA8 /* Pods-MovieDb.debug.xcconfig */,
				312C2AF2AF32B2657B1B2DE3 /* Pods-MovieDb.release.xcconfig */,
			);
			path = Pods;
			sourceTree = "<group>";
		};
		3F23CC3F297306B200C6BB98 /* Controller */ = {
			isa = PBXGroup;
			children = (
				3FBDC0C72973DF4700CE43D1 /* Favorite */,
				3FBDC0C62973DF3900CE43D1 /* Search */,
				3FBDC0C32973DB6100CE43D1 /* Home */,
				3F447A8A2972FA63003166AB /* ViewController.swift */,
			);
			path = Controller;
			sourceTree = "<group>";
		};
		3F447A7A2972FA62003166AB = {
			isa = PBXGroup;
			children = (
				3F447A852972FA63003166AB /* MovieDb */,
				3F447A842972FA63003166AB /* Products */,
				2843E0A48D91E64A038E9F0C /* Pods */,
				6E8A3E38E1E02F8C353B32DC /* Frameworks */,
			);
			sourceTree = "<group>";
		};
		3F447A842972FA63003166AB /* Products */ = {
			isa = PBXGroup;
			children = (
				3F447A832972FA63003166AB /* MovieDb.app */,
			);
			name = Products;
			sourceTree = "<group>";
		};
		3F447A852972FA63003166AB /* MovieDb */ = {
			isa = PBXGroup;
			children = (
				3FE6D3A9297800B3004BA4C8 /* Model */,
				3FE6D3A42977FE2C004BA4C8 /* Networking */,
				3FE6D3A12977FB6D004BA4C8 /* ViewModel */,
				3F23CC3F297306B200C6BB98 /* Controller */,
				3F447A862972FA63003166AB /* AppDelegate.swift */,
				3F447A882972FA63003166AB /* SceneDelegate.swift */,
				3F447A8C2972FA63003166AB /* Main.storyboard */,
				3F447A8F2972FA64003166AB /* Assets.xcassets */,
				3F447A912972FA64003166AB /* LaunchScreen.storyboard */,
				3F447A942972FA64003166AB /* Info.plist */,
			);
			path = MovieDb;
			sourceTree = "<group>";
		};
		3FBDC0C32973DB6100CE43D1 /* Home */ = {
			isa = PBXGroup;
			children = (
				3F23CC442973075300C6BB98 /* HomeViewController.swift */,
				3FBDC0C42973DBB200CE43D1 /* ItemMovieCollectionViewCell.swift */,
				3FB6DACC2974526800E6488B /* TabMovieViewController.swift */,
				3FC4D1BF297542D3001CF87E /* HomeTab.swift */,
				3FFBEA2A2976360200525985 /* ViewPagerTabMovieViewController.swift */,
			);
			path = Home;
			sourceTree = "<group>";
		};
		3FBDC0C62973DF3900CE43D1 /* Search */ = {
			isa = PBXGroup;
			children = (
				3F23CC4629730BD500C6BB98 /* SearchViewController.swift */,
			);
			path = Search;
			sourceTree = "<group>";
		};
		3FBDC0C72973DF4700CE43D1 /* Favorite */ = {
			isa = PBXGroup;
			children = (
				3F23CC4829730C5200C6BB98 /* FavoriteViewController.swift */,
			);
			path = Favorite;
			sourceTree = "<group>";
		};
		3FE6D3A12977FB6D004BA4C8 /* ViewModel */ = {
			isa = PBXGroup;
			children = (
				3FE6D3A22977FBB3004BA4C8 /* HomeViewModel.swift */,
				3FE6D3B129789E14004BA4C8 /* Observable.swift */,
				3FE6D3B32978F1FD004BA4C8 /* TabMovieViewModel.swift */,
			);
			path = ViewModel;
			sourceTree = "<group>";
		};
		3FE6D3A42977FE2C004BA4C8 /* Networking */ = {
			isa = PBXGroup;
			children = (
				3FE6D3A52977FE65004BA4C8 /* NetworkConstant.swift */,
				3FE6D3A72977FFF1004BA4C8 /* ApiCaller.swift */,
			);
			path = Networking;
			sourceTree = "<group>";
		};
		3FE6D3A9297800B3004BA4C8 /* Model */ = {
			isa = PBXGroup;
			children = (
				3FE6D3AA297806F3004BA4C8 /* MoviesResponse.swift */,
				3FE6D3AC29782CA1004BA4C8 /* Movie.swift */,
				3FE6D3AE29782CC7004BA4C8 /* Genre.swift */,
			);
			path = Model;
			sourceTree = "<group>";
		};
		6E8A3E38E1E02F8C353B32DC /* Frameworks */ = {
			isa = PBXGroup;
			children = (
				E12680DBEECEAE51F8A0B66F /* Pods_MovieDb.framework */,
			);
			name = Frameworks;
			sourceTree = "<group>";
		};
/* End PBXGroup section */

/* Begin PBXNativeTarget section */
		3F447A822972FA63003166AB /* MovieDb */ = {
			isa = PBXNativeTarget;
			buildConfigurationList = 3F447A972972FA64003166AB /* Build configuration list for PBXNativeTarget "MovieDb" */;
			buildPhases = (
				AD5DCC5CFAA3B15C77A31B9F /* [CP] Check Pods Manifest.lock */,
				3F447A7F2972FA63003166AB /* Sources */,
				3F447A802972FA63003166AB /* Frameworks */,
				3F447A812972FA63003166AB /* Resources */,
				9DECA84BC0E381246659440C /* [CP] Embed Pods Frameworks */,
			);
			buildRules = (
			);
			dependencies = (
			);
			name = MovieDb;
			productName = MovieDb;
			productReference = 3F447A832972FA63003166AB /* MovieDb.app */;
			productType = "com.apple.product-type.application";
		};
/* End PBXNativeTarget section */

/* Begin PBXProject section */
		3F447A7B2972FA62003166AB /* Project object */ = {
			isa = PBXProject;
			attributes = {
				BuildIndependentTargetsInParallel = 1;
				KnownAssetTags = (
					New,
				);
				LastSwiftUpdateCheck = 1420;
				LastUpgradeCheck = 1420;
				TargetAttributes = {
					3F447A822972FA63003166AB = {
						CreatedOnToolsVersion = 14.2;
					};
				};
			};
			buildConfigurationList = 3F447A7E2972FA62003166AB /* Build configuration list for PBXProject "MovieDb" */;
			compatibilityVersion = "Xcode 14.0";
			developmentRegion = en;
			hasScannedForEncodings = 0;
			knownRegions = (
				en,
				Base,
			);
			mainGroup = 3F447A7A2972FA62003166AB;
			productRefGroup = 3F447A842972FA63003166AB /* Products */;
			projectDirPath = "";
			projectRoot = "";
			targets = (
				3F447A822972FA63003166AB /* MovieDb */,
			);
		};
/* End PBXProject section */

/* Begin PBXResourcesBuildPhase section */
		3F447A812972FA63003166AB /* Resources */ = {
			isa = PBXResourcesBuildPhase;
			buildActionMask = 2147483647;
			files = (
				3F447A932972FA64003166AB /* LaunchScreen.storyboard in Resources */,
				3F447A902972FA64003166AB /* Assets.xcassets in Resources */,
				3F447A8E2972FA63003166AB /* Main.storyboard in Resources */,
			);
			runOnlyForDeploymentPostprocessing = 0;
		};
/* End PBXResourcesBuildPhase section */

/* Begin PBXShellScriptBuildPhase section */
		9DECA84BC0E381246659440C /* [CP] Embed Pods Frameworks */ = {
			isa = PBXShellScriptBuildPhase;
			buildActionMask = 2147483647;
			files = (
			);
			inputFileListPaths = (
				"${PODS_ROOT}/Target Support Files/Pods-MovieDb/Pods-MovieDb-frameworks-${CONFIGURATION}-input-files.xcfilelist",
			);
			name = "[CP] Embed Pods Frameworks";
			outputFileListPaths = (
				"${PODS_ROOT}/Target Support Files/Pods-MovieDb/Pods-MovieDb-frameworks-${CONFIGURATION}-output-files.xcfilelist",
			);
			runOnlyForDeploymentPostprocessing = 0;
			shellPath = /bin/sh;
			shellScript = "\"${PODS_ROOT}/Target Support Files/Pods-MovieDb/Pods-MovieDb-frameworks.sh\"\n";
			showEnvVarsInLog = 0;
		};
		AD5DCC5CFAA3B15C77A31B9F /* [CP] Check Pods Manifest.lock */ = {
			isa = PBXShellScriptBuildPhase;
			buildActionMask = 2147483647;
			files = (
			);
			inputFileListPaths = (
			);
			inputPaths = (
				"${PODS_PODFILE_DIR_PATH}/Podfile.lock",
				"${PODS_ROOT}/Manifest.lock",
			);
			name = "[CP] Check Pods Manifest.lock";
			outputFileListPaths = (
			);
			outputPaths = (
				"$(DERIVED_FILE_DIR)/Pods-MovieDb-checkManifestLockResult.txt",
			);
			runOnlyForDeploymentPostprocessing = 0;
			shellPath = /bin/sh;
			shellScript = "diff \"${PODS_PODFILE_DIR_PATH}/Podfile.lock\" \"${PODS_ROOT}/Manifest.lock\" > /dev/null\nif [ $? != 0 ] ; then\n    # print error to STDERR\n    echo \"error: The sandbox is not in sync with the Podfile.lock. Run 'pod install' or update your CocoaPods installation.\" >&2\n    exit 1\nfi\n# This output is used by Xcode 'outputs' to avoid re-running this script phase.\necho \"SUCCESS\" > \"${SCRIPT_OUTPUT_FILE_0}\"\n";
			showEnvVarsInLog = 0;
		};
/* End PBXShellScriptBuildPhase section */

/* Begin PBXSourcesBuildPhase section */
		3F447A7F2972FA63003166AB /* Sources */ = {
			isa = PBXSourcesBuildPhase;
			buildActionMask = 2147483647;
			files = (
				3F23CC4729730BD500C6BB98 /* SearchViewController.swift in Sources */,
				3FE6D3A82977FFF1004BA4C8 /* ApiCaller.swift in Sources */,
				3FE6D3A32977FBB3004BA4C8 /* HomeViewModel.swift in Sources */,
				3FE6D3AB297806F3004BA4C8 /* MoviesResponse.swift in Sources */,
				3F447A8B2972FA63003166AB /* ViewController.swift in Sources */,
				3FE6D3B42978F1FD004BA4C8 /* TabMovieViewModel.swift in Sources */,
				3F447A872972FA63003166AB /* AppDelegate.swift in Sources */,
				3FE6D3A62977FE66004BA4C8 /* NetworkConstant.swift in Sources */,
				3FE6D3AF29782CC7004BA4C8 /* Genre.swift in Sources */,
				3FFBEA2B2976360200525985 /* ViewPagerTabMovieViewController.swift in Sources */,
				3FBDC0C52973DBB200CE43D1 /* ItemMovieCollectionViewCell.swift in Sources */,
				3F447A892972FA63003166AB /* SceneDelegate.swift in Sources */,
				3FB6DACD2974526800E6488B /* TabMovieViewController.swift in Sources */,
				3FE6D3B229789E14004BA4C8 /* Observable.swift in Sources */,
				3FC4D1C0297542D3001CF87E /* HomeTab.swift in Sources */,
				3FE6D3AD29782CA1004BA4C8 /* Movie.swift in Sources */,
				3F23CC4929730C5200C6BB98 /* FavoriteViewController.swift in Sources */,
				3F23CC452973075300C6BB98 /* HomeViewController.swift in Sources */,
			);
			runOnlyForDeploymentPostprocessing = 0;
		};
/* End PBXSourcesBuildPhase section */

/* Begin PBXVariantGroup section */
		3F447A8C2972FA63003166AB /* Main.storyboard */ = {
			isa = PBXVariantGroup;
			children = (
				3F447A8D2972FA63003166AB /* Base */,
			);
			name = Main.storyboard;
			sourceTree = "<group>";
		};
		3F447A912972FA64003166AB /* LaunchScreen.storyboard */ = {
			isa = PBXVariantGroup;
			children = (
				3F447A922972FA64003166AB /* Base */,
			);
			name = LaunchScreen.storyboard;
			sourceTree = "<group>";
		};
/* End PBXVariantGroup section */

/* Begin XCBuildConfiguration section */
		3F447A952972FA64003166AB /* Debug */ = {
			isa = XCBuildConfiguration;
			buildSettings = {
				ALWAYS_SEARCH_USER_PATHS = NO;
				CLANG_ANALYZER_NONNULL = YES;
				CLANG_ANALYZER_NUMBER_OBJECT_CONVERSION = YES_AGGRESSIVE;
				CLANG_CXX_LANGUAGE_STANDARD = "gnu++20";
				CLANG_ENABLE_MODULES = YES;
				CLANG_ENABLE_OBJC_ARC = YES;
				CLANG_ENABLE_OBJC_WEAK = YES;
				CLANG_WARN_BLOCK_CAPTURE_AUTORELEASING = YES;
				CLANG_WARN_BOOL_CONVERSION = YES;
				CLANG_WARN_COMMA = YES;
				CLANG_WARN_CONSTANT_CONVERSION = YES;
				CLANG_WARN_DEPRECATED_OBJC_IMPLEMENTATIONS = YES;
				CLANG_WARN_DIRECT_OBJC_ISA_USAGE = YES_ERROR;
				CLANG_WARN_DOCUMENTATION_COMMENTS = YES;
				CLANG_WARN_EMPTY_BODY = YES;
				CLANG_WARN_ENUM_CONVERSION = YES;
				CLANG_WARN_INFINITE_RECURSION = YES;
				CLANG_WARN_INT_CONVERSION = YES;
				CLANG_WARN_NON_LITERAL_NULL_CONVERSION = YES;
				CLANG_WARN_OBJC_IMPLICIT_RETAIN_SELF = YES;
				CLANG_WARN_OBJC_LITERAL_CONVERSION = YES;
				CLANG_WARN_OBJC_ROOT_CLASS = YES_ERROR;
				CLANG_WARN_QUOTED_INCLUDE_IN_FRAMEWORK_HEADER = YES;
				CLANG_WARN_RANGE_LOOP_ANALYSIS = YES;
				CLANG_WARN_STRICT_PROTOTYPES = YES;
				CLANG_WARN_SUSPICIOUS_MOVE = YES;
				CLANG_WARN_UNGUARDED_AVAILABILITY = YES_AGGRESSIVE;
				CLANG_WARN_UNREACHABLE_CODE = YES;
				CLANG_WARN__DUPLICATE_METHOD_MATCH = YES;
				COPY_PHASE_STRIP = NO;
				DEBUG_INFORMATION_FORMAT = dwarf;
				ENABLE_STRICT_OBJC_MSGSEND = YES;
				ENABLE_TESTABILITY = YES;
				GCC_C_LANGUAGE_STANDARD = gnu11;
				GCC_DYNAMIC_NO_PIC = NO;
				GCC_NO_COMMON_BLOCKS = YES;
				GCC_OPTIMIZATION_LEVEL = 0;
				GCC_PREPROCESSOR_DEFINITIONS = (
					"DEBUG=1",
					"$(inherited)",
				);
				GCC_WARN_64_TO_32_BIT_CONVERSION = YES;
				GCC_WARN_ABOUT_RETURN_TYPE = YES_ERROR;
				GCC_WARN_UNDECLARED_SELECTOR = YES;
				GCC_WARN_UNINITIALIZED_AUTOS = YES_AGGRESSIVE;
				GCC_WARN_UNUSED_FUNCTION = YES;
				GCC_WARN_UNUSED_VARIABLE = YES;
				IPHONEOS_DEPLOYMENT_TARGET = 16.2;
				MTL_ENABLE_DEBUG_INFO = INCLUDE_SOURCE;
				MTL_FAST_MATH = YES;
				ONLY_ACTIVE_ARCH = YES;
				SDKROOT = iphoneos;
				SWIFT_ACTIVE_COMPILATION_CONDITIONS = DEBUG;
				SWIFT_OPTIMIZATION_LEVEL = "-Onone";
			};
			name = Debug;
		};
		3F447A962972FA64003166AB /* Release */ = {
			isa = XCBuildConfiguration;
			buildSettings = {
				ALWAYS_SEARCH_USER_PATHS = NO;
				CLANG_ANALYZER_NONNULL = YES;
				CLANG_ANALYZER_NUMBER_OBJECT_CONVERSION = YES_AGGRESSIVE;
				CLANG_CXX_LANGUAGE_STANDARD = "gnu++20";
				CLANG_ENABLE_MODULES = YES;
				CLANG_ENABLE_OBJC_ARC = YES;
				CLANG_ENABLE_OBJC_WEAK = YES;
				CLANG_WARN_BLOCK_CAPTURE_AUTORELEASING = YES;
				CLANG_WARN_BOOL_CONVERSION = YES;
				CLANG_WARN_COMMA = YES;
				CLANG_WARN_CONSTANT_CONVERSION = YES;
				CLANG_WARN_DEPRECATED_OBJC_IMPLEMENTATIONS = YES;
				CLANG_WARN_DIRECT_OBJC_ISA_USAGE = YES_ERROR;
				CLANG_WARN_DOCUMENTATION_COMMENTS = YES;
				CLANG_WARN_EMPTY_BODY = YES;
				CLANG_WARN_ENUM_CONVERSION = YES;
				CLANG_WARN_INFINITE_RECURSION = YES;
				CLANG_WARN_INT_CONVERSION = YES;
				CLANG_WARN_NON_LITERAL_NULL_CONVERSION = YES;
				CLANG_WARN_OBJC_IMPLICIT_RETAIN_SELF = YES;
				CLANG_WARN_OBJC_LITERAL_CONVERSION = YES;
				CLANG_WARN_OBJC_ROOT_CLASS = YES_ERROR;
				CLANG_WARN_QUOTED_INCLUDE_IN_FRAMEWORK_HEADER = YES;
				CLANG_WARN_RANGE_LOOP_ANALYSIS = YES;
				CLANG_WARN_STRICT_PROTOTYPES = YES;
				CLANG_WARN_SUSPICIOUS_MOVE = YES;
				CLANG_WARN_UNGUARDED_AVAILABILITY = YES_AGGRESSIVE;
				CLANG_WARN_UNREACHABLE_CODE = YES;
				CLANG_WARN__DUPLICATE_METHOD_MATCH = YES;
				COPY_PHASE_STRIP = NO;
				DEBUG_INFORMATION_FORMAT = "dwarf-with-dsym";
				ENABLE_NS_ASSERTIONS = NO;
				ENABLE_STRICT_OBJC_MSGSEND = YES;
				GCC_C_LANGUAGE_STANDARD = gnu11;
				GCC_NO_COMMON_BLOCKS = YES;
				GCC_WARN_64_TO_32_BIT_CONVERSION = YES;
				GCC_WARN_ABOUT_RETURN_TYPE = YES_ERROR;
				GCC_WARN_UNDECLARED_SELECTOR = YES;
				GCC_WARN_UNINITIALIZED_AUTOS = YES_AGGRESSIVE;
				GCC_WARN_UNUSED_FUNCTION = YES;
				GCC_WARN_UNUSED_VARIABLE = YES;
				IPHONEOS_DEPLOYMENT_TARGET = 16.2;
				MTL_ENABLE_DEBUG_INFO = NO;
				MTL_FAST_MATH = YES;
				SDKROOT = iphoneos;
				SWIFT_COMPILATION_MODE = wholemodule;
				SWIFT_OPTIMIZATION_LEVEL = "-O";
				VALIDATE_PRODUCT = YES;
			};
			name = Release;
		};
		3F447A982972FA64003166AB /* Debug */ = {
			isa = XCBuildConfiguration;
			baseConfigurationReference = 5A3083D7D6E454B1D1FC0CA8 /* Pods-MovieDb.debug.xcconfig */;
			buildSettings = {
				ASSETCATALOG_COMPILER_APPICON_NAME = AppIcon;
				ASSETCATALOG_COMPILER_GLOBAL_ACCENT_COLOR_NAME = AccentColor;
				CODE_SIGN_STYLE = Automatic;
				CURRENT_PROJECT_VERSION = 1;
				DEVELOPMENT_TEAM = 2J99UR45ND;
				GENERATE_INFOPLIST_FILE = YES;
				INFOPLIST_FILE = MovieDb/Info.plist;
				INFOPLIST_KEY_UIApplicationSupportsIndirectInputEvents = YES;
				INFOPLIST_KEY_UILaunchStoryboardName = LaunchScreen;
				INFOPLIST_KEY_UIMainStoryboardFile = Main;
				INFOPLIST_KEY_UISupportedInterfaceOrientations_iPad = "UIInterfaceOrientationPortrait UIInterfaceOrientationPortraitUpsideDown UIInterfaceOrientationLandscapeLeft UIInterfaceOrientationLandscapeRight";
				INFOPLIST_KEY_UISupportedInterfaceOrientations_iPhone = "UIInterfaceOrientationPortrait UIInterfaceOrientationLandscapeLeft UIInterfaceOrientationLandscapeRight";
				LD_RUNPATH_SEARCH_PATHS = (
					"$(inherited)",
					"@executable_path/Frameworks",
				);
				MARKETING_VERSION = 1.0;
				PRODUCT_BUNDLE_IDENTIFIER = hunguet.MovieDb;
				PRODUCT_NAME = "$(TARGET_NAME)";
				SWIFT_EMIT_LOC_STRINGS = YES;
				SWIFT_VERSION = 5.0;
				TARGETED_DEVICE_FAMILY = "1,2";
			};
			name = Debug;
		};
		3F447A992972FA64003166AB /* Release */ = {
			isa = XCBuildConfiguration;
			baseConfigurationReference = 312C2AF2AF32B2657B1B2DE3 /* Pods-MovieDb.release.xcconfig */;
			buildSettings = {
				ASSETCATALOG_COMPILER_APPICON_NAME = AppIcon;
				ASSETCATALOG_COMPILER_GLOBAL_ACCENT_COLOR_NAME = AccentColor;
				CODE_SIGN_STYLE = Automatic;
				CURRENT_PROJECT_VERSION = 1;
				DEVELOPMENT_TEAM = 2J99UR45ND;
				GENERATE_INFOPLIST_FILE = YES;
				INFOPLIST_FILE = MovieDb/Info.plist;
				INFOPLIST_KEY_UIApplicationSupportsIndirectInputEvents = YES;
				INFOPLIST_KEY_UILaunchStoryboardName = LaunchScreen;
				INFOPLIST_KEY_UIMainStoryboardFile = Main;
				INFOPLIST_KEY_UISupportedInterfaceOrientations_iPad = "UIInterfaceOrientationPortrait UIInterfaceOrientationPortraitUpsideDown UIInterfaceOrientationLandscapeLeft UIInterfaceOrientationLandscapeRight";
				INFOPLIST_KEY_UISupportedInterfaceOrientations_iPhone = "UIInterfaceOrientationPortrait UIInterfaceOrientationLandscapeLeft UIInterfaceOrientationLandscapeRight";
				LD_RUNPATH_SEARCH_PATHS = (
					"$(inherited)",
					"@executable_path/Frameworks",
				);
				MARKETING_VERSION = 1.0;
				PRODUCT_BUNDLE_IDENTIFIER = hunguet.MovieDb;
				PRODUCT_NAME = "$(TARGET_NAME)";
				SWIFT_EMIT_LOC_STRINGS = YES;
				SWIFT_VERSION = 5.0;
				TARGETED_DEVICE_FAMILY = "1,2";
			};
			name = Release;
		};
/* End XCBuildConfiguration section */

/* Begin XCConfigurationList section */
		3F447A7E2972FA62003166AB /* Build configuration list for PBXProject "MovieDb" */ = {
			isa = XCConfigurationList;
			buildConfigurations = (
				3F447A952972FA64003166AB /* Debug */,
				3F447A962972FA64003166AB /* Release */,
			);
			defaultConfigurationIsVisible = 0;
			defaultConfigurationName = Release;
		};
		3F447A972972FA64003166AB /* Build configuration list for PBXNativeTarget "MovieDb" */ = {
			isa = XCConfigurationList;
			buildConfigurations = (
				3F447A982972FA64003166AB /* Debug */,
				3F447A992972FA64003166AB /* Release */,
			);
			defaultConfigurationIsVisible = 0;
			defaultConfigurationName = Release;
		};
/* End XCConfigurationList section */
	};
	rootObject = 3F447A7B2972FA62003166AB /* Project object */;
}
